
Microsoft Visual Studio Solution File, Format Version 11.00
# Visual Studio 2010
Project("{FAE04EC0-301F-11D3-BF4B-00C04F79EFBC}") = "MyKKiOS180124", "Assembly-CSharp-firstpass.csproj", "{033A79AA-BEE9-0D4F-39C2-068EEE77DF24}"
EndProject
Project("{FAE04EC0-301F-11D3-BF4B-00C04F79EFBC}") = "MyKKiOS180124", "Assembly-CSharp.csproj", "{1822D425-6E0B-C806-5021-DEFC48E384A4}"
EndProject
Project("{FAE04EC0-301F-11D3-BF4B-00C04F79EFBC}") = "MyKKiOS180124", "Assembly-CSharp-Editor.csproj", "{EFC7EA9E-A6B8-6AD6-E5A0-5C3C2FA09EF2}"
EndProject
Global
	GlobalSection(SolutionConfigurationPlatforms) = preSolution
		Debug|Any CPU = Debug|Any CPU
		Release|Any CPU = Release|Any CPU
	EndGlobalSection
	GlobalSection(ProjectConfigurationPlatforms) = postSolution
		{033A79AA-BEE9-0D4F-39C2-068EEE77DF24}.Debug|Any CPU.ActiveCfg = Debug|Any CPU
		{033A79AA-BEE9-0D4F-39C2-068EEE77DF24}.Debug|Any CPU.Build.0 = Debug|Any CPU
		{033A79AA-BEE9-0D4F-39C2-068EEE77DF24}.Release|Any CPU.ActiveCfg = Release|Any CPU
		{033A79AA-BEE9-0D4F-39C2-068EEE77DF24}.Release|Any CPU.Build.0 = Release|Any CPU
		{1822D425-6E0B-C806-5021-DEFC48E384A4}.Debug|Any CPU.ActiveCfg = Debug|Any CPU
		{1822D425-6E0B-C806-5021-DEFC48E384A4}.Debug|Any CPU.Build.0 = Debug|Any CPU
		{1822D425-6E0B-C806-5021-DEFC48E384A4}.Release|Any CPU.ActiveCfg = Release|Any CPU
		{1822D425-6E0B-C806-5021-DEFC48E384A4}.Release|Any CPU.Build.0 = Release|Any CPU
		{EFC7EA9E-A6B8-6AD6-E5A0-5C3C2FA09EF2}.Debug|Any CPU.ActiveCfg = Debug|Any CPU
		{EFC7EA9E-A6B8-6AD6-E5A0-5C3C2FA09EF2}.Debug|Any CPU.Build.0 = Debug|Any CPU
		{EFC7EA9E-A6B8-6AD6-E5A0-5C3C2FA09EF2}.Release|Any CPU.ActiveCfg = Release|Any CPU
		{EFC7EA9E-A6B8-6AD6-E5A0-5C3C2FA09EF2}.Release|Any CPU.Build.0 = Release|Any CPU
	EndGlobalSection
	GlobalSection(SolutionProperties) = preSolution
		HideSolutionNode = FALSE
	EndGlobalSection
	GlobalSection(MonoDevelopProperties) = preSolution
		StartupItem = Assembly-CSharp.csproj
	EndGlobalSection
EndGlobal
